
Microsoft Visual Studio Solution File, Format Version 12.00
# Visual Studio Version 17
VisualStudioVersion = 17.2.32516.85
MinimumVisualStudioVersion = 10.0.40219.1
Project("{FAE04EC0-301F-11D3-BF4B-00C04F79EFBC}") = "ConversorNumero.Teste", "ConversorNumeroRomanoArabico\ConversorNumero.Teste.csproj", "{928B1377-2D79-4948-AEEF-902262A19B69}"
EndProject
Project("{FAE04EC0-301F-11D3-BF4B-00C04F79EFBC}") = "ConversorNumero.Dominio", "ConversorNumeroRomanoParaArabico\ConversorNumero.Dominio.csproj", "{1BDD987F-1F03-4416-8A73-6D9B436FCF74}"
EndProject
Global
	GlobalSection(SolutionConfigurationPlatforms) = preSolution
		Debug|Any CPU = Debug|Any CPU
		Release|Any CPU = Release|Any CPU
	EndGlobalSection
	GlobalSection(ProjectConfigurationPlatforms) = postSolution
		{928B1377-2D79-4948-AEEF-902262A19B69}.Debug|Any CPU.ActiveCfg = Debug|Any CPU
		{928B1377-2D79-4948-AEEF-902262A19B69}.Debug|Any CPU.Build.0 = Debug|Any CPU
		{928B1377-2D79-4948-AEEF-902262A19B69}.Release|Any CPU.ActiveCfg = Release|Any CPU
		{928B1377-2D79-4948-AEEF-902262A19B69}.Release|Any CPU.Build.0 = Release|Any CPU
		{1BDD987F-1F03-4416-8A73-6D9B436FCF74}.Debug|Any CPU.ActiveCfg = Debug|Any CPU
		{1BDD987F-1F03-4416-8A73-6D9B436FCF74}.Debug|Any CPU.Build.0 = Debug|Any CPU
		{1BDD987F-1F03-4416-8A73-6D9B436FCF74}.Release|Any CPU.ActiveCfg = Release|Any CPU
		{1BDD987F-1F03-4416-8A73-6D9B436FCF74}.Release|Any CPU.Build.0 = Release|Any CPU
	EndGlobalSection
	GlobalSection(SolutionProperties) = preSolution
		HideSolutionNode = FALSE
	EndGlobalSection
	GlobalSection(ExtensibilityGlobals) = postSolution
		SolutionGuid = {FB536FE7-CC61-4DD2-9D3A-1A6806D48C77}
	EndGlobalSection
EndGlobal
